
Microsoft Visual Studio Solution File, Format Version 12.00
# Visual Studio Version 16
VisualStudioVersion = 16.0.30503.244
MinimumVisualStudioVersion = 10.0.40219.1
Project("{9A19103F-16F7-4668-BE54-9A1E7A4F7556}") = "DesktopApp", "DesktopApp\DesktopApp.csproj", "{07A008E6-AA7D-4A65-8817-C66D577842C3}"
EndProject
Project("{FAE04EC0-301F-11D3-BF4B-00C04F79EFBC}") = "API", "API\API.csproj", "{13D909A7-1B87-43DD-BDBC-0D4C693DEAC4}"
EndProject
Global
	GlobalSection(SolutionConfigurationPlatforms) = preSolution
		Debug|Any CPU = Debug|Any CPU
		Release|Any CPU = Release|Any CPU
	EndGlobalSection
	GlobalSection(ProjectConfigurationPlatforms) = postSolution
		{07A008E6-AA7D-4A65-8817-C66D577842C3}.Debug|Any CPU.ActiveCfg = Debug|Any CPU
		{07A008E6-AA7D-4A65-8817-C66D577842C3}.Debug|Any CPU.Build.0 = Debug|Any CPU
		{07A008E6-AA7D-4A65-8817-C66D577842C3}.Release|Any CPU.ActiveCfg = Release|Any CPU
		{07A008E6-AA7D-4A65-8817-C66D577842C3}.Release|Any CPU.Build.0 = Release|Any CPU
		{13D909A7-1B87-43DD-BDBC-0D4C693DEAC4}.Debug|Any CPU.ActiveCfg = Debug|Any CPU
		{13D909A7-1B87-43DD-BDBC-0D4C693DEAC4}.Debug|Any CPU.Build.0 = Debug|Any CPU
		{13D909A7-1B87-43DD-BDBC-0D4C693DEAC4}.Release|Any CPU.ActiveCfg = Release|Any CPU
		{13D909A7-1B87-43DD-BDBC-0D4C693DEAC4}.Release|Any CPU.Build.0 = Release|Any CPU
	EndGlobalSection
	GlobalSection(SolutionProperties) = preSolution
		HideSolutionNode = FALSE
	EndGlobalSection
	GlobalSection(ExtensibilityGlobals) = postSolution
		SolutionGuid = {AE1E8078-0335-45A4-871F-E46F7E222728}
	EndGlobalSection
EndGlobal
